
Microsoft Visual Studio Solution File, Format Version 12.00
# Visual Studio 15
VisualStudioVersion = 15.0.27428.2037
MinimumVisualStudioVersion = 10.0.40219.1
Project("{FAE04EC0-301F-11D3-BF4B-00C04F79EFBC}") = "Relogio", "Relogio\Relogio.csproj", "{73FBBF4A-B0E1-4183-BFBB-41E76BC6B086}"
EndProject
Global
	GlobalSection(SolutionConfigurationPlatforms) = preSolution
		Debug|Any CPU = Debug|Any CPU
		Release|Any CPU = Release|Any CPU
	EndGlobalSection
	GlobalSection(ProjectConfigurationPlatforms) = postSolution
		{73FBBF4A-B0E1-4183-BFBB-41E76BC6B086}.Debug|Any CPU.ActiveCfg = Debug|Any CPU
		{73FBBF4A-B0E1-4183-BFBB-41E76BC6B086}.Debug|Any CPU.Build.0 = Debug|Any CPU
		{73FBBF4A-B0E1-4183-BFBB-41E76BC6B086}.Release|Any CPU.ActiveCfg = Release|Any CPU
		{73FBBF4A-B0E1-4183-BFBB-41E76BC6B086}.Release|Any CPU.Build.0 = Release|Any CPU
	EndGlobalSection
	GlobalSection(SolutionProperties) = preSolution
		HideSolutionNode = FALSE
	EndGlobalSection
	GlobalSection(ExtensibilityGlobals) = postSolution
		SolutionGuid = {AC10AF75-283E-44D0-A8D0-562B9F606CFB}
	EndGlobalSection
EndGlobal
